{
  "version": 4,
  "terraform_version": "1.1.4",
  "serial": 4,
  "lineage": "ff209fc2-337b-087f-4210-9bc081e7c934",
  "outputs": {},
  "resources": [
    {
      "mode": "managed",
      "type": "scaleway_instance_ip",
      "name": "public_ip",
      "provider": "provider[\"registry.terraform.io/scaleway/scaleway\"]",
      "instances": [
        {
          "schema_version": 0,
          "attributes": {
            "address": "51.158.109.197",
            "id": "fr-par-1/5fec85ec-85e7-494b-a5af-1eeb4bd39e54",
            "organization_id": "b18fe2df-7e97-4f93-9591-51a3270bca20",
            "project_id": "b18fe2df-7e97-4f93-9591-51a3270bca20",
            "reverse": "",
            "server_id": "",
            "timeouts": null,
            "zone": "fr-par-1"
          },
          "sensitive_attributes": [],
          "private": "eyJlMmJmYjczMC1lY2FhLTExZTYtOGY4OC0zNDM2M2JjN2M0YzAiOnsiY3JlYXRlIjo2MDAwMDAwMDAwMCwiZGVmYXVsdCI6NjAwMDAwMDAwMDAsImRlbGV0ZSI6NjAwMDAwMDAwMDAsInJlYWQiOjYwMDAwMDAwMDAwLCJ1cGRhdGUiOjYwMDAwMDAwMDAwfX0="
        }
      ]
    },
    {
      "mode": "managed",
      "type": "scaleway_instance_server",
      "name": "web",
      "provider": "provider[\"registry.terraform.io/scaleway/scaleway\"]",
      "instances": [
        {
          "schema_version": 0,
          "attributes": {
            "additional_volume_ids": null,
            "boot_type": "local",
            "bootscript_id": "fdfe150f-a870-4ce4-b432-9f56b5b995c1",
            "cloud_init": null,
            "enable_dynamic_ip": false,
            "enable_ipv6": false,
            "id": "fr-par-1/8bdbb809-7e9a-4eb5-816b-5031554a3c58",
            "image": "ubuntu_focal",
            "ip_id": "fr-par-1/5fec85ec-85e7-494b-a5af-1eeb4bd39e54",
            "ipv6_address": "",
            "ipv6_gateway": "",
            "ipv6_prefix_length": 0,
            "name": "router",
            "organization_id": "b18fe2df-7e97-4f93-9591-51a3270bca20",
            "placement_group_id": null,
            "placement_group_policy_respected": null,
            "private_ip": "10.69.90.165",
            "private_network": [],
            "project_id": "b18fe2df-7e97-4f93-9591-51a3270bca20",
            "public_ip": "51.158.109.197",
            "root_volume": [
              {
                "boot": false,
                "delete_on_termination": true,
                "size_in_gb": 20,
                "volume_id": "fr-par-1/667ebc9b-8595-497b-a551-ce56dfb1a0bb"
              }
            ],
            "security_group_id": "fr-par-1/8c9095c2-6ef2-44b5-83ab-95714319488e",
            "state": "started",
            "tags": [
              "front",
              "web"
            ],
            "timeouts": null,
            "type": "DEV1-S",
            "user_data": null,
            "zone": "fr-par-1"
          },
          "sensitive_attributes": [],
          "private": "eyJlMmJmYjczMC1lY2FhLTExZTYtOGY4OC0zNDM2M2JjN2M0YzAiOnsiY3JlYXRlIjo2MDAwMDAwMDAwMDAsImRlZmF1bHQiOjYwMDAwMDAwMDAwMCwiZGVsZXRlIjo2MDAwMDAwMDAwMDAsInJlYWQiOjYwMDAwMDAwMDAwMCwidXBkYXRlIjo2MDAwMDAwMDAwMDB9fQ==",
          "dependencies": [
            "scaleway_instance_ip.public_ip"
          ]
        }
      ]
    }
  ]
}
